
Microsoft Visual Studio Solution File, Format Version 11.00
# Visual Studio 2010
Project("{FAE04EC0-301F-11D3-BF4B-00C04F79EFBC}") = "MvvmLight2MvxLib", "MvvmLight2MvxLib\MvvmLight2MvxLib.csproj", "{942FF234-0933-4B55-BDBA-4EF704B02F4A}"
EndProject
Global
	GlobalSection(SolutionConfigurationPlatforms) = preSolution
		Debug|Any CPU = Debug|Any CPU
		Release|Any CPU = Release|Any CPU
	EndGlobalSection
	GlobalSection(ProjectConfigurationPlatforms) = postSolution
		{942FF234-0933-4B55-BDBA-4EF704B02F4A}.Debug|Any CPU.ActiveCfg = Debug|Any CPU
		{942FF234-0933-4B55-BDBA-4EF704B02F4A}.Debug|Any CPU.Build.0 = Debug|Any CPU
		{942FF234-0933-4B55-BDBA-4EF704B02F4A}.Release|Any CPU.ActiveCfg = Release|Any CPU
		{942FF234-0933-4B55-BDBA-4EF704B02F4A}.Release|Any CPU.Build.0 = Release|Any CPU
	EndGlobalSection
	GlobalSection(MonoDevelopProperties) = preSolution
		StartupItem = MvvmLight2MvxLib\MvvmLight2MvxLib.csproj
	EndGlobalSection
EndGlobal
