
Microsoft Visual Studio Solution File, Format Version 12.00
# Visual Studio 11
Project("{FAE04EC0-301F-11D3-BF4B-00C04F79EFBC}") = "GalaSoft.MvvmLight", "GalaSoft.MvvmLight\GalaSoft.MvvmLight.csproj", "{FDFC16DC-929D-49DC-8C30-0C697DCD3860}"
EndProject
Project("{FAE04EC0-301F-11D3-BF4B-00C04F79EFBC}") = "GalaSoft.MvvmLight.Extras", "GalaSoft.MvvmLight.Extras\GalaSoft.MvvmLight.Extras.csproj", "{C0B359A9-4985-435D-8CC1-C1FEC405BC2C}"
EndProject
Project("{FAE04EC0-301F-11D3-BF4B-00C04F79EFBC}") = "GalaSoft.MvvmLight.Test.Portable", "GalaSoft.MvvmLight.Test.Win8\GalaSoft.MvvmLight.Test.Portable.csproj", "{3AD0ED75-F579-49AE-A693-B1ED8E8BFF75}"
EndProject
Project("{FAE04EC0-301F-11D3-BF4B-00C04F79EFBC}") = "GalaSoft.MvvmLight.CrossPlatformSupport", "GalaSoft.MvvmLight.CrossPlatformSupport\GalaSoft.MvvmLight.CrossPlatformSupport.csproj", "{D854DCBB-BD19-4162-8C9A-D30FEF823DC4}"
EndProject
Global
	GlobalSection(SolutionConfigurationPlatforms) = preSolution
		Debug|ARM = Debug|ARM
		Debug|Any CPU = Debug|Any CPU
		Debug|x64 = Debug|x64
		Debug|x86 = Debug|x86
		Release|ARM = Release|ARM
		Release|Any CPU = Release|Any CPU
		Release|x64 = Release|x64
		Release|x86 = Release|x86
	EndGlobalSection
	GlobalSection(ProjectConfigurationPlatforms) = postSolution
		{3AD0ED75-F579-49AE-A693-B1ED8E8BFF75}.Debug|ARM.ActiveCfg = Debug|ARM
		{3AD0ED75-F579-49AE-A693-B1ED8E8BFF75}.Debug|ARM.Build.0 = Debug|ARM
		{3AD0ED75-F579-49AE-A693-B1ED8E8BFF75}.Debug|ARM.Deploy.0 = Debug|ARM
		{3AD0ED75-F579-49AE-A693-B1ED8E8BFF75}.Debug|Any CPU.ActiveCfg = Debug|Any CPU
		{3AD0ED75-F579-49AE-A693-B1ED8E8BFF75}.Debug|Any CPU.Build.0 = Debug|Any CPU
		{3AD0ED75-F579-49AE-A693-B1ED8E8BFF75}.Debug|Any CPU.Deploy.0 = Debug|Any CPU
		{3AD0ED75-F579-49AE-A693-B1ED8E8BFF75}.Debug|x64.ActiveCfg = Debug|x64
		{3AD0ED75-F579-49AE-A693-B1ED8E8BFF75}.Debug|x64.Build.0 = Debug|x64
		{3AD0ED75-F579-49AE-A693-B1ED8E8BFF75}.Debug|x64.Deploy.0 = Debug|x64
		{3AD0ED75-F579-49AE-A693-B1ED8E8BFF75}.Debug|x86.ActiveCfg = Debug|x86
		{3AD0ED75-F579-49AE-A693-B1ED8E8BFF75}.Debug|x86.Build.0 = Debug|x86
		{3AD0ED75-F579-49AE-A693-B1ED8E8BFF75}.Debug|x86.Deploy.0 = Debug|x86
		{3AD0ED75-F579-49AE-A693-B1ED8E8BFF75}.Release|ARM.ActiveCfg = Release|ARM
		{3AD0ED75-F579-49AE-A693-B1ED8E8BFF75}.Release|ARM.Build.0 = Release|ARM
		{3AD0ED75-F579-49AE-A693-B1ED8E8BFF75}.Release|ARM.Deploy.0 = Release|ARM
		{3AD0ED75-F579-49AE-A693-B1ED8E8BFF75}.Release|Any CPU.ActiveCfg = Release|Any CPU
		{3AD0ED75-F579-49AE-A693-B1ED8E8BFF75}.Release|Any CPU.Build.0 = Release|Any CPU
		{3AD0ED75-F579-49AE-A693-B1ED8E8BFF75}.Release|Any CPU.Deploy.0 = Release|Any CPU
		{3AD0ED75-F579-49AE-A693-B1ED8E8BFF75}.Release|x64.ActiveCfg = Release|x64
		{3AD0ED75-F579-49AE-A693-B1ED8E8BFF75}.Release|x64.Build.0 = Release|x64
		{3AD0ED75-F579-49AE-A693-B1ED8E8BFF75}.Release|x64.Deploy.0 = Release|x64
		{3AD0ED75-F579-49AE-A693-B1ED8E8BFF75}.Release|x86.ActiveCfg = Release|x86
		{3AD0ED75-F579-49AE-A693-B1ED8E8BFF75}.Release|x86.Build.0 = Release|x86
		{3AD0ED75-F579-49AE-A693-B1ED8E8BFF75}.Release|x86.Deploy.0 = Release|x86
		{C0B359A9-4985-435D-8CC1-C1FEC405BC2C}.Debug|ARM.ActiveCfg = Debug|Any CPU
		{C0B359A9-4985-435D-8CC1-C1FEC405BC2C}.Debug|Any CPU.ActiveCfg = Debug|Any CPU
		{C0B359A9-4985-435D-8CC1-C1FEC405BC2C}.Debug|Any CPU.Build.0 = Debug|Any CPU
		{C0B359A9-4985-435D-8CC1-C1FEC405BC2C}.Debug|x64.ActiveCfg = Debug|Any CPU
		{C0B359A9-4985-435D-8CC1-C1FEC405BC2C}.Debug|x86.ActiveCfg = Debug|Any CPU
		{C0B359A9-4985-435D-8CC1-C1FEC405BC2C}.Release|ARM.ActiveCfg = Release|Any CPU
		{C0B359A9-4985-435D-8CC1-C1FEC405BC2C}.Release|Any CPU.ActiveCfg = Release|Any CPU
		{C0B359A9-4985-435D-8CC1-C1FEC405BC2C}.Release|Any CPU.Build.0 = Release|Any CPU
		{C0B359A9-4985-435D-8CC1-C1FEC405BC2C}.Release|x64.ActiveCfg = Release|Any CPU
		{C0B359A9-4985-435D-8CC1-C1FEC405BC2C}.Release|x86.ActiveCfg = Release|Any CPU
		{D854DCBB-BD19-4162-8C9A-D30FEF823DC4}.Debug|ARM.ActiveCfg = Debug|Any CPU
		{D854DCBB-BD19-4162-8C9A-D30FEF823DC4}.Debug|Any CPU.ActiveCfg = Debug|Any CPU
		{D854DCBB-BD19-4162-8C9A-D30FEF823DC4}.Debug|Any CPU.Build.0 = Debug|Any CPU
		{D854DCBB-BD19-4162-8C9A-D30FEF823DC4}.Debug|x64.ActiveCfg = Debug|Any CPU
		{D854DCBB-BD19-4162-8C9A-D30FEF823DC4}.Debug|x86.ActiveCfg = Debug|Any CPU
		{D854DCBB-BD19-4162-8C9A-D30FEF823DC4}.Release|ARM.ActiveCfg = Release|Any CPU
		{D854DCBB-BD19-4162-8C9A-D30FEF823DC4}.Release|Any CPU.ActiveCfg = Release|Any CPU
		{D854DCBB-BD19-4162-8C9A-D30FEF823DC4}.Release|Any CPU.Build.0 = Release|Any CPU
		{D854DCBB-BD19-4162-8C9A-D30FEF823DC4}.Release|x64.ActiveCfg = Release|Any CPU
		{D854DCBB-BD19-4162-8C9A-D30FEF823DC4}.Release|x86.ActiveCfg = Release|Any CPU
		{FDFC16DC-929D-49DC-8C30-0C697DCD3860}.Debug|ARM.ActiveCfg = Debug|Any CPU
		{FDFC16DC-929D-49DC-8C30-0C697DCD3860}.Debug|Any CPU.ActiveCfg = Debug|Any CPU
		{FDFC16DC-929D-49DC-8C30-0C697DCD3860}.Debug|Any CPU.Build.0 = Debug|Any CPU
		{FDFC16DC-929D-49DC-8C30-0C697DCD3860}.Debug|x64.ActiveCfg = Debug|Any CPU
		{FDFC16DC-929D-49DC-8C30-0C697DCD3860}.Debug|x86.ActiveCfg = Debug|Any CPU
		{FDFC16DC-929D-49DC-8C30-0C697DCD3860}.Release|ARM.ActiveCfg = Release|Any CPU
		{FDFC16DC-929D-49DC-8C30-0C697DCD3860}.Release|Any CPU.ActiveCfg = Release|Any CPU
		{FDFC16DC-929D-49DC-8C30-0C697DCD3860}.Release|Any CPU.Build.0 = Release|Any CPU
		{FDFC16DC-929D-49DC-8C30-0C697DCD3860}.Release|x64.ActiveCfg = Release|Any CPU
		{FDFC16DC-929D-49DC-8C30-0C697DCD3860}.Release|x86.ActiveCfg = Release|Any CPU
	EndGlobalSection
	GlobalSection(SolutionProperties) = preSolution
		HideSolutionNode = FALSE
	EndGlobalSection
EndGlobal
