
Microsoft Visual Studio Solution File, Format Version 12.00
# Visual Studio 2013
VisualStudioVersion = 12.0.20827.3
MinimumVisualStudioVersion = 10.0.40219.1
Project("{FAE04EC0-301F-11D3-BF4B-00C04F79EFBC}") = "GalaSoft.MvvmLight", "GalaSoft.MvvmLight\GalaSoft.MvvmLight.csproj", "{FDFC16DC-929D-49DC-8C30-0C697DCD3860}"
EndProject
Project("{FAE04EC0-301F-11D3-BF4B-00C04F79EFBC}") = "GalaSoft.MvvmLight.Extras", "GalaSoft.MvvmLight.Extras\GalaSoft.MvvmLight.Extras.csproj", "{C0B359A9-4985-435D-8CC1-C1FEC405BC2C}"
EndProject
Project("{FAE04EC0-301F-11D3-BF4B-00C04F79EFBC}") = "GalaSoft.MvvmLight.Test.Portable.Net45", "GalaSoft.MvvmLight.Test.Portable.Net45\GalaSoft.MvvmLight.Test.Portable.Net45.csproj", "{A2D54E5F-E308-4DCE-8189-70776CB9D17D}"
EndProject
Project("{FAE04EC0-301F-11D3-BF4B-00C04F79EFBC}") = "GalaSoft.MvvmLight.Test.Portable.SL5", "GalaSoft.MvvmLight.Test.Portable.SL5\GalaSoft.MvvmLight.Test.Portable.SL5.csproj", "{8C513E56-DE26-4F50-9C1F-08077E2B72ED}"
EndProject
Project("{FAE04EC0-301F-11D3-BF4B-00C04F79EFBC}") = "GalaSoft.MvvmLight.Test.Portable.WinRT", "GalaSoft.MvvmLight.Test.Win8\GalaSoft.MvvmLight.Test.Portable.WinRT.csproj", "{3AD0ED75-F579-49AE-A693-B1ED8E8BFF75}"
EndProject
Project("{FAE04EC0-301F-11D3-BF4B-00C04F79EFBC}") = "GalaSoft.MvvmLight.Test (WP8)", "..\GalaSoft.MvvmLight.Test (WP8)\GalaSoft.MvvmLight.Test (WP8).csproj", "{A8574789-3B29-4722-8A54-C9C82C1A5137}"
EndProject
Project("{2150E333-8FDC-42A3-9474-1A3956D46DE8}") = "Tests", "Tests", "{F6F6B90E-112F-48C0-9411-A91DA81C210E}"
EndProject
Project("{FAE04EC0-301F-11D3-BF4B-00C04F79EFBC}") = "GalaSoft.MvvmLight.Platform.Net45", "GalaSoft.MvvmLight.Platform.Net45\GalaSoft.MvvmLight.Platform.Net45.csproj", "{C7526745-227A-46DA-855D-897DAC9B511E}"
EndProject
Project("{FAE04EC0-301F-11D3-BF4B-00C04F79EFBC}") = "GalaSoft.MvvmLight.Platform.Win8", "GalaSoft.MvvmLight.Platforms.NetCore45\GalaSoft.MvvmLight.Platform.Win8.csproj", "{6319B689-FD17-47AA-822F-D537E1971B56}"
EndProject
Project("{2150E333-8FDC-42A3-9474-1A3956D46DE8}") = ".nuget", ".nuget", "{1A5FE68B-52DF-43A9-A2DF-E5C713282CD7}"
	ProjectSection(SolutionItems) = preProject
		.nuget\NuGet.Config = .nuget\NuGet.Config
		.nuget\NuGet.exe = .nuget\NuGet.exe
	EndProjectSection
EndProject
Project("{FAE04EC0-301F-11D3-BF4B-00C04F79EFBC}") = "GalaSoft.MvvmLight.TestHelpers", "GalaSoft.MvvmLight.TestHelpers\GalaSoft.MvvmLight.TestHelpers.csproj", "{A406E3C6-51E8-4C53-9039-0C7033738531}"
EndProject
Project("{FAE04EC0-301F-11D3-BF4B-00C04F79EFBC}") = "GalaSoft.MvvmLight.Platform.WP8", "GalaSoft.MvvmLight.Platform.WP8\GalaSoft.MvvmLight.Platform.WP8.csproj", "{31789DCB-C1DC-4D12-B1B6-8811A104AF47}"
EndProject
Project("{FAE04EC0-301F-11D3-BF4B-00C04F79EFBC}") = "GalaSoft.MvvmLight.Platform.SL5", "GalaSoft.MvvmLight.Platform.SL5\GalaSoft.MvvmLight.Platform.SL5.csproj", "{38191D74-57AE-4E46-85F7-C54059B9F197}"
EndProject
Project("{2150E333-8FDC-42A3-9474-1A3956D46DE8}") = "Solution Items", "Solution Items", "{31313FE3-784B-44B2-8622-E2C5FABB3972}"
	ProjectSection(SolutionItems) = preProject
		Portable.MvvmLightLibs.V4.nuspec = Portable.MvvmLightLibs.V4.nuspec
	EndProjectSection
EndProject
Project("{FAE04EC0-301F-11D3-BF4B-00C04F79EFBC}") = "GalaSoft.MvvmLight.Platform.Win81", "GalaSoft.MvvmLight.Platform.Win81\GalaSoft.MvvmLight.Platform.Win81.csproj", "{61007DE3-C300-4027-B484-26DB7A71FD22}"
EndProject
Global
	GlobalSection(SolutionConfigurationPlatforms) = preSolution
		Debug|Any CPU = Debug|Any CPU
		Debug|ARM = Debug|ARM
		Debug|Mixed Platforms = Debug|Mixed Platforms
		Debug|x64 = Debug|x64
		Debug|x86 = Debug|x86
		Release|Any CPU = Release|Any CPU
		Release|ARM = Release|ARM
		Release|Mixed Platforms = Release|Mixed Platforms
		Release|x64 = Release|x64
		Release|x86 = Release|x86
	EndGlobalSection
	GlobalSection(ProjectConfigurationPlatforms) = postSolution
		{FDFC16DC-929D-49DC-8C30-0C697DCD3860}.Debug|Any CPU.ActiveCfg = Debug|Any CPU
		{FDFC16DC-929D-49DC-8C30-0C697DCD3860}.Debug|Any CPU.Build.0 = Debug|Any CPU
		{FDFC16DC-929D-49DC-8C30-0C697DCD3860}.Debug|ARM.ActiveCfg = Debug|Any CPU
		{FDFC16DC-929D-49DC-8C30-0C697DCD3860}.Debug|Mixed Platforms.ActiveCfg = Debug|Any CPU
		{FDFC16DC-929D-49DC-8C30-0C697DCD3860}.Debug|Mixed Platforms.Build.0 = Debug|Any CPU
		{FDFC16DC-929D-49DC-8C30-0C697DCD3860}.Debug|x64.ActiveCfg = Debug|Any CPU
		{FDFC16DC-929D-49DC-8C30-0C697DCD3860}.Debug|x86.ActiveCfg = Debug|Any CPU
		{FDFC16DC-929D-49DC-8C30-0C697DCD3860}.Release|Any CPU.ActiveCfg = Release|Any CPU
		{FDFC16DC-929D-49DC-8C30-0C697DCD3860}.Release|Any CPU.Build.0 = Release|Any CPU
		{FDFC16DC-929D-49DC-8C30-0C697DCD3860}.Release|ARM.ActiveCfg = Release|Any CPU
		{FDFC16DC-929D-49DC-8C30-0C697DCD3860}.Release|Mixed Platforms.ActiveCfg = Release|Any CPU
		{FDFC16DC-929D-49DC-8C30-0C697DCD3860}.Release|Mixed Platforms.Build.0 = Release|Any CPU
		{FDFC16DC-929D-49DC-8C30-0C697DCD3860}.Release|x64.ActiveCfg = Release|Any CPU
		{FDFC16DC-929D-49DC-8C30-0C697DCD3860}.Release|x86.ActiveCfg = Release|Any CPU
		{C0B359A9-4985-435D-8CC1-C1FEC405BC2C}.Debug|Any CPU.ActiveCfg = Debug|Any CPU
		{C0B359A9-4985-435D-8CC1-C1FEC405BC2C}.Debug|Any CPU.Build.0 = Debug|Any CPU
		{C0B359A9-4985-435D-8CC1-C1FEC405BC2C}.Debug|ARM.ActiveCfg = Debug|Any CPU
		{C0B359A9-4985-435D-8CC1-C1FEC405BC2C}.Debug|Mixed Platforms.ActiveCfg = Debug|Any CPU
		{C0B359A9-4985-435D-8CC1-C1FEC405BC2C}.Debug|Mixed Platforms.Build.0 = Debug|Any CPU
		{C0B359A9-4985-435D-8CC1-C1FEC405BC2C}.Debug|x64.ActiveCfg = Debug|Any CPU
		{C0B359A9-4985-435D-8CC1-C1FEC405BC2C}.Debug|x86.ActiveCfg = Debug|Any CPU
		{C0B359A9-4985-435D-8CC1-C1FEC405BC2C}.Release|Any CPU.ActiveCfg = Release|Any CPU
		{C0B359A9-4985-435D-8CC1-C1FEC405BC2C}.Release|Any CPU.Build.0 = Release|Any CPU
		{C0B359A9-4985-435D-8CC1-C1FEC405BC2C}.Release|ARM.ActiveCfg = Release|Any CPU
		{C0B359A9-4985-435D-8CC1-C1FEC405BC2C}.Release|Mixed Platforms.ActiveCfg = Release|Any CPU
		{C0B359A9-4985-435D-8CC1-C1FEC405BC2C}.Release|Mixed Platforms.Build.0 = Release|Any CPU
		{C0B359A9-4985-435D-8CC1-C1FEC405BC2C}.Release|x64.ActiveCfg = Release|Any CPU
		{C0B359A9-4985-435D-8CC1-C1FEC405BC2C}.Release|x86.ActiveCfg = Release|Any CPU
		{A2D54E5F-E308-4DCE-8189-70776CB9D17D}.Debug|Any CPU.ActiveCfg = Debug|Any CPU
		{A2D54E5F-E308-4DCE-8189-70776CB9D17D}.Debug|Any CPU.Build.0 = Debug|Any CPU
		{A2D54E5F-E308-4DCE-8189-70776CB9D17D}.Debug|ARM.ActiveCfg = Debug|Any CPU
		{A2D54E5F-E308-4DCE-8189-70776CB9D17D}.Debug|Mixed Platforms.ActiveCfg = Debug|Any CPU
		{A2D54E5F-E308-4DCE-8189-70776CB9D17D}.Debug|Mixed Platforms.Build.0 = Debug|Any CPU
		{A2D54E5F-E308-4DCE-8189-70776CB9D17D}.Debug|x64.ActiveCfg = Debug|Any CPU
		{A2D54E5F-E308-4DCE-8189-70776CB9D17D}.Debug|x86.ActiveCfg = Debug|Any CPU
		{A2D54E5F-E308-4DCE-8189-70776CB9D17D}.Release|Any CPU.ActiveCfg = Release|Any CPU
		{A2D54E5F-E308-4DCE-8189-70776CB9D17D}.Release|Any CPU.Build.0 = Release|Any CPU
		{A2D54E5F-E308-4DCE-8189-70776CB9D17D}.Release|ARM.ActiveCfg = Release|Any CPU
		{A2D54E5F-E308-4DCE-8189-70776CB9D17D}.Release|Mixed Platforms.ActiveCfg = Release|Any CPU
		{A2D54E5F-E308-4DCE-8189-70776CB9D17D}.Release|Mixed Platforms.Build.0 = Release|Any CPU
		{A2D54E5F-E308-4DCE-8189-70776CB9D17D}.Release|x64.ActiveCfg = Release|Any CPU
		{A2D54E5F-E308-4DCE-8189-70776CB9D17D}.Release|x86.ActiveCfg = Release|Any CPU
		{8C513E56-DE26-4F50-9C1F-08077E2B72ED}.Debug|Any CPU.ActiveCfg = Debug|Any CPU
		{8C513E56-DE26-4F50-9C1F-08077E2B72ED}.Debug|Any CPU.Build.0 = Debug|Any CPU
		{8C513E56-DE26-4F50-9C1F-08077E2B72ED}.Debug|ARM.ActiveCfg = Debug|Any CPU
		{8C513E56-DE26-4F50-9C1F-08077E2B72ED}.Debug|Mixed Platforms.ActiveCfg = Debug|Any CPU
		{8C513E56-DE26-4F50-9C1F-08077E2B72ED}.Debug|Mixed Platforms.Build.0 = Debug|Any CPU
		{8C513E56-DE26-4F50-9C1F-08077E2B72ED}.Debug|x64.ActiveCfg = Debug|Any CPU
		{8C513E56-DE26-4F50-9C1F-08077E2B72ED}.Debug|x86.ActiveCfg = Debug|Any CPU
		{8C513E56-DE26-4F50-9C1F-08077E2B72ED}.Release|Any CPU.ActiveCfg = Release|Any CPU
		{8C513E56-DE26-4F50-9C1F-08077E2B72ED}.Release|Any CPU.Build.0 = Release|Any CPU
		{8C513E56-DE26-4F50-9C1F-08077E2B72ED}.Release|ARM.ActiveCfg = Release|Any CPU
		{8C513E56-DE26-4F50-9C1F-08077E2B72ED}.Release|Mixed Platforms.ActiveCfg = Release|Any CPU
		{8C513E56-DE26-4F50-9C1F-08077E2B72ED}.Release|Mixed Platforms.Build.0 = Release|Any CPU
		{8C513E56-DE26-4F50-9C1F-08077E2B72ED}.Release|x64.ActiveCfg = Release|Any CPU
		{8C513E56-DE26-4F50-9C1F-08077E2B72ED}.Release|x86.ActiveCfg = Release|Any CPU
		{3AD0ED75-F579-49AE-A693-B1ED8E8BFF75}.Debug|Any CPU.ActiveCfg = Debug|Any CPU
		{3AD0ED75-F579-49AE-A693-B1ED8E8BFF75}.Debug|Any CPU.Build.0 = Debug|Any CPU
		{3AD0ED75-F579-49AE-A693-B1ED8E8BFF75}.Debug|Any CPU.Deploy.0 = Debug|Any CPU
		{3AD0ED75-F579-49AE-A693-B1ED8E8BFF75}.Debug|ARM.ActiveCfg = Debug|ARM
		{3AD0ED75-F579-49AE-A693-B1ED8E8BFF75}.Debug|ARM.Build.0 = Debug|ARM
		{3AD0ED75-F579-49AE-A693-B1ED8E8BFF75}.Debug|ARM.Deploy.0 = Debug|ARM
		{3AD0ED75-F579-49AE-A693-B1ED8E8BFF75}.Debug|Mixed Platforms.ActiveCfg = Debug|Any CPU
		{3AD0ED75-F579-49AE-A693-B1ED8E8BFF75}.Debug|Mixed Platforms.Build.0 = Debug|Any CPU
		{3AD0ED75-F579-49AE-A693-B1ED8E8BFF75}.Debug|Mixed Platforms.Deploy.0 = Debug|Any CPU
		{3AD0ED75-F579-49AE-A693-B1ED8E8BFF75}.Debug|x64.ActiveCfg = Debug|x64
		{3AD0ED75-F579-49AE-A693-B1ED8E8BFF75}.Debug|x64.Build.0 = Debug|x64
		{3AD0ED75-F579-49AE-A693-B1ED8E8BFF75}.Debug|x64.Deploy.0 = Debug|x64
		{3AD0ED75-F579-49AE-A693-B1ED8E8BFF75}.Debug|x86.ActiveCfg = Debug|x86
		{3AD0ED75-F579-49AE-A693-B1ED8E8BFF75}.Debug|x86.Build.0 = Debug|x86
		{3AD0ED75-F579-49AE-A693-B1ED8E8BFF75}.Debug|x86.Deploy.0 = Debug|x86
		{3AD0ED75-F579-49AE-A693-B1ED8E8BFF75}.Release|Any CPU.ActiveCfg = Release|Any CPU
		{3AD0ED75-F579-49AE-A693-B1ED8E8BFF75}.Release|Any CPU.Build.0 = Release|Any CPU
		{3AD0ED75-F579-49AE-A693-B1ED8E8BFF75}.Release|Any CPU.Deploy.0 = Release|Any CPU
		{3AD0ED75-F579-49AE-A693-B1ED8E8BFF75}.Release|ARM.ActiveCfg = Release|ARM
		{3AD0ED75-F579-49AE-A693-B1ED8E8BFF75}.Release|ARM.Build.0 = Release|ARM
		{3AD0ED75-F579-49AE-A693-B1ED8E8BFF75}.Release|ARM.Deploy.0 = Release|ARM
		{3AD0ED75-F579-49AE-A693-B1ED8E8BFF75}.Release|Mixed Platforms.ActiveCfg = Release|Any CPU
		{3AD0ED75-F579-49AE-A693-B1ED8E8BFF75}.Release|Mixed Platforms.Build.0 = Release|Any CPU
		{3AD0ED75-F579-49AE-A693-B1ED8E8BFF75}.Release|Mixed Platforms.Deploy.0 = Release|Any CPU
		{3AD0ED75-F579-49AE-A693-B1ED8E8BFF75}.Release|x64.ActiveCfg = Release|x64
		{3AD0ED75-F579-49AE-A693-B1ED8E8BFF75}.Release|x64.Build.0 = Release|x64
		{3AD0ED75-F579-49AE-A693-B1ED8E8BFF75}.Release|x64.Deploy.0 = Release|x64
		{3AD0ED75-F579-49AE-A693-B1ED8E8BFF75}.Release|x86.ActiveCfg = Release|x86
		{3AD0ED75-F579-49AE-A693-B1ED8E8BFF75}.Release|x86.Build.0 = Release|x86
		{3AD0ED75-F579-49AE-A693-B1ED8E8BFF75}.Release|x86.Deploy.0 = Release|x86
		{A8574789-3B29-4722-8A54-C9C82C1A5137}.Debug|Any CPU.ActiveCfg = Debug|Any CPU
		{A8574789-3B29-4722-8A54-C9C82C1A5137}.Debug|Any CPU.Build.0 = Debug|Any CPU
		{A8574789-3B29-4722-8A54-C9C82C1A5137}.Debug|Any CPU.Deploy.0 = Debug|Any CPU
		{A8574789-3B29-4722-8A54-C9C82C1A5137}.Debug|ARM.ActiveCfg = Debug|Any CPU
		{A8574789-3B29-4722-8A54-C9C82C1A5137}.Debug|Mixed Platforms.ActiveCfg = Debug|x86
		{A8574789-3B29-4722-8A54-C9C82C1A5137}.Debug|Mixed Platforms.Build.0 = Debug|x86
		{A8574789-3B29-4722-8A54-C9C82C1A5137}.Debug|Mixed Platforms.Deploy.0 = Debug|x86
		{A8574789-3B29-4722-8A54-C9C82C1A5137}.Debug|x64.ActiveCfg = Debug|Any CPU
		{A8574789-3B29-4722-8A54-C9C82C1A5137}.Debug|x86.ActiveCfg = Debug|Any CPU
		{A8574789-3B29-4722-8A54-C9C82C1A5137}.Release|Any CPU.ActiveCfg = Release|Any CPU
		{A8574789-3B29-4722-8A54-C9C82C1A5137}.Release|Any CPU.Build.0 = Release|Any CPU
		{A8574789-3B29-4722-8A54-C9C82C1A5137}.Release|Any CPU.Deploy.0 = Release|Any CPU
		{A8574789-3B29-4722-8A54-C9C82C1A5137}.Release|ARM.ActiveCfg = Release|Any CPU
		{A8574789-3B29-4722-8A54-C9C82C1A5137}.Release|Mixed Platforms.ActiveCfg = Release|x86
		{A8574789-3B29-4722-8A54-C9C82C1A5137}.Release|Mixed Platforms.Build.0 = Release|x86
		{A8574789-3B29-4722-8A54-C9C82C1A5137}.Release|Mixed Platforms.Deploy.0 = Release|x86
		{A8574789-3B29-4722-8A54-C9C82C1A5137}.Release|x64.ActiveCfg = Release|Any CPU
		{A8574789-3B29-4722-8A54-C9C82C1A5137}.Release|x86.ActiveCfg = Release|Any CPU
		{C7526745-227A-46DA-855D-897DAC9B511E}.Debug|Any CPU.ActiveCfg = Debug|Any CPU
		{C7526745-227A-46DA-855D-897DAC9B511E}.Debug|Any CPU.Build.0 = Debug|Any CPU
		{C7526745-227A-46DA-855D-897DAC9B511E}.Debug|ARM.ActiveCfg = Debug|Any CPU
		{C7526745-227A-46DA-855D-897DAC9B511E}.Debug|Mixed Platforms.ActiveCfg = Debug|Any CPU
		{C7526745-227A-46DA-855D-897DAC9B511E}.Debug|Mixed Platforms.Build.0 = Debug|Any CPU
		{C7526745-227A-46DA-855D-897DAC9B511E}.Debug|x64.ActiveCfg = Debug|Any CPU
		{C7526745-227A-46DA-855D-897DAC9B511E}.Debug|x86.ActiveCfg = Debug|Any CPU
		{C7526745-227A-46DA-855D-897DAC9B511E}.Release|Any CPU.ActiveCfg = Release|Any CPU
		{C7526745-227A-46DA-855D-897DAC9B511E}.Release|Any CPU.Build.0 = Release|Any CPU
		{C7526745-227A-46DA-855D-897DAC9B511E}.Release|ARM.ActiveCfg = Release|Any CPU
		{C7526745-227A-46DA-855D-897DAC9B511E}.Release|Mixed Platforms.ActiveCfg = Release|Any CPU
		{C7526745-227A-46DA-855D-897DAC9B511E}.Release|Mixed Platforms.Build.0 = Release|Any CPU
		{C7526745-227A-46DA-855D-897DAC9B511E}.Release|x64.ActiveCfg = Release|Any CPU
		{C7526745-227A-46DA-855D-897DAC9B511E}.Release|x86.ActiveCfg = Release|Any CPU
		{6319B689-FD17-47AA-822F-D537E1971B56}.Debug|Any CPU.ActiveCfg = Debug|Any CPU
		{6319B689-FD17-47AA-822F-D537E1971B56}.Debug|Any CPU.Build.0 = Debug|Any CPU
		{6319B689-FD17-47AA-822F-D537E1971B56}.Debug|ARM.ActiveCfg = Debug|ARM
		{6319B689-FD17-47AA-822F-D537E1971B56}.Debug|ARM.Build.0 = Debug|ARM
		{6319B689-FD17-47AA-822F-D537E1971B56}.Debug|Mixed Platforms.ActiveCfg = Debug|Any CPU
		{6319B689-FD17-47AA-822F-D537E1971B56}.Debug|Mixed Platforms.Build.0 = Debug|Any CPU
		{6319B689-FD17-47AA-822F-D537E1971B56}.Debug|x64.ActiveCfg = Debug|x64
		{6319B689-FD17-47AA-822F-D537E1971B56}.Debug|x64.Build.0 = Debug|x64
		{6319B689-FD17-47AA-822F-D537E1971B56}.Debug|x86.ActiveCfg = Debug|x86
		{6319B689-FD17-47AA-822F-D537E1971B56}.Debug|x86.Build.0 = Debug|x86
		{6319B689-FD17-47AA-822F-D537E1971B56}.Release|Any CPU.ActiveCfg = Release|Any CPU
		{6319B689-FD17-47AA-822F-D537E1971B56}.Release|Any CPU.Build.0 = Release|Any CPU
		{6319B689-FD17-47AA-822F-D537E1971B56}.Release|ARM.ActiveCfg = Release|ARM
		{6319B689-FD17-47AA-822F-D537E1971B56}.Release|ARM.Build.0 = Release|ARM
		{6319B689-FD17-47AA-822F-D537E1971B56}.Release|Mixed Platforms.ActiveCfg = Release|Any CPU
		{6319B689-FD17-47AA-822F-D537E1971B56}.Release|Mixed Platforms.Build.0 = Release|Any CPU
		{6319B689-FD17-47AA-822F-D537E1971B56}.Release|x64.ActiveCfg = Release|x64
		{6319B689-FD17-47AA-822F-D537E1971B56}.Release|x64.Build.0 = Release|x64
		{6319B689-FD17-47AA-822F-D537E1971B56}.Release|x86.ActiveCfg = Release|x86
		{6319B689-FD17-47AA-822F-D537E1971B56}.Release|x86.Build.0 = Release|x86
		{A406E3C6-51E8-4C53-9039-0C7033738531}.Debug|Any CPU.ActiveCfg = Debug|Any CPU
		{A406E3C6-51E8-4C53-9039-0C7033738531}.Debug|Any CPU.Build.0 = Debug|Any CPU
		{A406E3C6-51E8-4C53-9039-0C7033738531}.Debug|ARM.ActiveCfg = Debug|Any CPU
		{A406E3C6-51E8-4C53-9039-0C7033738531}.Debug|Mixed Platforms.ActiveCfg = Debug|Any CPU
		{A406E3C6-51E8-4C53-9039-0C7033738531}.Debug|Mixed Platforms.Build.0 = Debug|Any CPU
		{A406E3C6-51E8-4C53-9039-0C7033738531}.Debug|x64.ActiveCfg = Debug|Any CPU
		{A406E3C6-51E8-4C53-9039-0C7033738531}.Debug|x86.ActiveCfg = Debug|Any CPU
		{A406E3C6-51E8-4C53-9039-0C7033738531}.Release|Any CPU.ActiveCfg = Release|Any CPU
		{A406E3C6-51E8-4C53-9039-0C7033738531}.Release|Any CPU.Build.0 = Release|Any CPU
		{A406E3C6-51E8-4C53-9039-0C7033738531}.Release|ARM.ActiveCfg = Release|Any CPU
		{A406E3C6-51E8-4C53-9039-0C7033738531}.Release|Mixed Platforms.ActiveCfg = Release|Any CPU
		{A406E3C6-51E8-4C53-9039-0C7033738531}.Release|Mixed Platforms.Build.0 = Release|Any CPU
		{A406E3C6-51E8-4C53-9039-0C7033738531}.Release|x64.ActiveCfg = Release|Any CPU
		{A406E3C6-51E8-4C53-9039-0C7033738531}.Release|x86.ActiveCfg = Release|Any CPU
		{31789DCB-C1DC-4D12-B1B6-8811A104AF47}.Debug|Any CPU.ActiveCfg = Debug|Any CPU
		{31789DCB-C1DC-4D12-B1B6-8811A104AF47}.Debug|Any CPU.Build.0 = Debug|Any CPU
		{31789DCB-C1DC-4D12-B1B6-8811A104AF47}.Debug|ARM.ActiveCfg = Debug|ARM
		{31789DCB-C1DC-4D12-B1B6-8811A104AF47}.Debug|ARM.Build.0 = Debug|ARM
		{31789DCB-C1DC-4D12-B1B6-8811A104AF47}.Debug|Mixed Platforms.ActiveCfg = Debug|Any CPU
		{31789DCB-C1DC-4D12-B1B6-8811A104AF47}.Debug|Mixed Platforms.Build.0 = Debug|Any CPU
		{31789DCB-C1DC-4D12-B1B6-8811A104AF47}.Debug|x64.ActiveCfg = Debug|Any CPU
		{31789DCB-C1DC-4D12-B1B6-8811A104AF47}.Debug|x86.ActiveCfg = Debug|x86
		{31789DCB-C1DC-4D12-B1B6-8811A104AF47}.Debug|x86.Build.0 = Debug|x86
		{31789DCB-C1DC-4D12-B1B6-8811A104AF47}.Release|Any CPU.ActiveCfg = Release|Any CPU
		{31789DCB-C1DC-4D12-B1B6-8811A104AF47}.Release|Any CPU.Build.0 = Release|Any CPU
		{31789DCB-C1DC-4D12-B1B6-8811A104AF47}.Release|ARM.ActiveCfg = Release|ARM
		{31789DCB-C1DC-4D12-B1B6-8811A104AF47}.Release|ARM.Build.0 = Release|ARM
		{31789DCB-C1DC-4D12-B1B6-8811A104AF47}.Release|Mixed Platforms.ActiveCfg = Release|Any CPU
		{31789DCB-C1DC-4D12-B1B6-8811A104AF47}.Release|Mixed Platforms.Build.0 = Release|Any CPU
		{31789DCB-C1DC-4D12-B1B6-8811A104AF47}.Release|x64.ActiveCfg = Release|Any CPU
		{31789DCB-C1DC-4D12-B1B6-8811A104AF47}.Release|x86.ActiveCfg = Release|x86
		{31789DCB-C1DC-4D12-B1B6-8811A104AF47}.Release|x86.Build.0 = Release|x86
		{38191D74-57AE-4E46-85F7-C54059B9F197}.Debug|Any CPU.ActiveCfg = Debug|Any CPU
		{38191D74-57AE-4E46-85F7-C54059B9F197}.Debug|Any CPU.Build.0 = Debug|Any CPU
		{38191D74-57AE-4E46-85F7-C54059B9F197}.Debug|ARM.ActiveCfg = Debug|Any CPU
		{38191D74-57AE-4E46-85F7-C54059B9F197}.Debug|Mixed Platforms.ActiveCfg = Debug|Any CPU
		{38191D74-57AE-4E46-85F7-C54059B9F197}.Debug|Mixed Platforms.Build.0 = Debug|Any CPU
		{38191D74-57AE-4E46-85F7-C54059B9F197}.Debug|x64.ActiveCfg = Debug|Any CPU
		{38191D74-57AE-4E46-85F7-C54059B9F197}.Debug|x86.ActiveCfg = Debug|Any CPU
		{38191D74-57AE-4E46-85F7-C54059B9F197}.Release|Any CPU.ActiveCfg = Release|Any CPU
		{38191D74-57AE-4E46-85F7-C54059B9F197}.Release|Any CPU.Build.0 = Release|Any CPU
		{38191D74-57AE-4E46-85F7-C54059B9F197}.Release|ARM.ActiveCfg = Release|Any CPU
		{38191D74-57AE-4E46-85F7-C54059B9F197}.Release|Mixed Platforms.ActiveCfg = Release|Any CPU
		{38191D74-57AE-4E46-85F7-C54059B9F197}.Release|Mixed Platforms.Build.0 = Release|Any CPU
		{38191D74-57AE-4E46-85F7-C54059B9F197}.Release|x64.ActiveCfg = Release|Any CPU
		{38191D74-57AE-4E46-85F7-C54059B9F197}.Release|x86.ActiveCfg = Release|Any CPU
		{61007DE3-C300-4027-B484-26DB7A71FD22}.Debug|Any CPU.ActiveCfg = Debug|Any CPU
		{61007DE3-C300-4027-B484-26DB7A71FD22}.Debug|Any CPU.Build.0 = Debug|Any CPU
		{61007DE3-C300-4027-B484-26DB7A71FD22}.Debug|ARM.ActiveCfg = Debug|ARM
		{61007DE3-C300-4027-B484-26DB7A71FD22}.Debug|ARM.Build.0 = Debug|ARM
		{61007DE3-C300-4027-B484-26DB7A71FD22}.Debug|Mixed Platforms.ActiveCfg = Debug|Any CPU
		{61007DE3-C300-4027-B484-26DB7A71FD22}.Debug|Mixed Platforms.Build.0 = Debug|Any CPU
		{61007DE3-C300-4027-B484-26DB7A71FD22}.Debug|x64.ActiveCfg = Debug|x64
		{61007DE3-C300-4027-B484-26DB7A71FD22}.Debug|x64.Build.0 = Debug|x64
		{61007DE3-C300-4027-B484-26DB7A71FD22}.Debug|x86.ActiveCfg = Debug|x86
		{61007DE3-C300-4027-B484-26DB7A71FD22}.Debug|x86.Build.0 = Debug|x86
		{61007DE3-C300-4027-B484-26DB7A71FD22}.Release|Any CPU.ActiveCfg = Release|Any CPU
		{61007DE3-C300-4027-B484-26DB7A71FD22}.Release|Any CPU.Build.0 = Release|Any CPU
		{61007DE3-C300-4027-B484-26DB7A71FD22}.Release|ARM.ActiveCfg = Release|ARM
		{61007DE3-C300-4027-B484-26DB7A71FD22}.Release|ARM.Build.0 = Release|ARM
		{61007DE3-C300-4027-B484-26DB7A71FD22}.Release|Mixed Platforms.ActiveCfg = Release|Any CPU
		{61007DE3-C300-4027-B484-26DB7A71FD22}.Release|Mixed Platforms.Build.0 = Release|Any CPU
		{61007DE3-C300-4027-B484-26DB7A71FD22}.Release|x64.ActiveCfg = Release|x64
		{61007DE3-C300-4027-B484-26DB7A71FD22}.Release|x64.Build.0 = Release|x64
		{61007DE3-C300-4027-B484-26DB7A71FD22}.Release|x86.ActiveCfg = Release|x86
		{61007DE3-C300-4027-B484-26DB7A71FD22}.Release|x86.Build.0 = Release|x86
	EndGlobalSection
	GlobalSection(SolutionProperties) = preSolution
		HideSolutionNode = FALSE
	EndGlobalSection
	GlobalSection(NestedProjects) = preSolution
		{8C513E56-DE26-4F50-9C1F-08077E2B72ED} = {F6F6B90E-112F-48C0-9411-A91DA81C210E}
		{3AD0ED75-F579-49AE-A693-B1ED8E8BFF75} = {F6F6B90E-112F-48C0-9411-A91DA81C210E}
		{A8574789-3B29-4722-8A54-C9C82C1A5137} = {F6F6B90E-112F-48C0-9411-A91DA81C210E}
		{A2D54E5F-E308-4DCE-8189-70776CB9D17D} = {F6F6B90E-112F-48C0-9411-A91DA81C210E}
		{A406E3C6-51E8-4C53-9039-0C7033738531} = {F6F6B90E-112F-48C0-9411-A91DA81C210E}
	EndGlobalSection
EndGlobal
